
Microsoft Visual Studio Solution File, Format Version 12.00
# Visual Studio Version 17
VisualStudioVersion = 17.11.35327.3
MinimumVisualStudioVersion = 10.0.40219.1
Project("{FAE04EC0-301F-11D3-BF4B-00C04F79EFBC}") = "E-knjiznica", "E-knjiznica\E-knjiznica.csproj", "{2C77F295-2ECF-4FE4-A49F-A606C7FF402A}"
EndProject
Global
	GlobalSection(SolutionConfigurationPlatforms) = preSolution
		Debug|Any CPU = Debug|Any CPU
		Release|Any CPU = Release|Any CPU
	EndGlobalSection
	GlobalSection(ProjectConfigurationPlatforms) = postSolution
		{2C77F295-2ECF-4FE4-A49F-A606C7FF402A}.Debug|Any CPU.ActiveCfg = Debug|Any CPU
		{2C77F295-2ECF-4FE4-A49F-A606C7FF402A}.Debug|Any CPU.Build.0 = Debug|Any CPU
		{2C77F295-2ECF-4FE4-A49F-A606C7FF402A}.Release|Any CPU.ActiveCfg = Release|Any CPU
		{2C77F295-2ECF-4FE4-A49F-A606C7FF402A}.Release|Any CPU.Build.0 = Release|Any CPU
	EndGlobalSection
	GlobalSection(SolutionProperties) = preSolution
		HideSolutionNode = FALSE
	EndGlobalSection
	GlobalSection(ExtensibilityGlobals) = postSolution
		SolutionGuid = {639E0D00-C263-485A-AF02-AEA1F05EA8B3}
	EndGlobalSection
EndGlobal
